
Microsoft Visual Studio Solution File, Format Version 12.00
# Visual Studio Version 17
VisualStudioVersion = 17.13.35913.81 d17.13
MinimumVisualStudioVersion = 10.0.40219.1
Project("{FAE04EC0-301F-11D3-BF4B-00C04F79EFBC}") = "LISTA1-EX12", "LISTA1-EX12\LISTA1-EX12.csproj", "{99CED169-A576-48F2-8A06-6027C6C1A588}"
EndProject
Global
	GlobalSection(SolutionConfigurationPlatforms) = preSolution
		Debug|Any CPU = Debug|Any CPU
		Release|Any CPU = Release|Any CPU
	EndGlobalSection
	GlobalSection(ProjectConfigurationPlatforms) = postSolution
		{99CED169-A576-48F2-8A06-6027C6C1A588}.Debug|Any CPU.ActiveCfg = Debug|Any CPU
		{99CED169-A576-48F2-8A06-6027C6C1A588}.Debug|Any CPU.Build.0 = Debug|Any CPU
		{99CED169-A576-48F2-8A06-6027C6C1A588}.Release|Any CPU.ActiveCfg = Release|Any CPU
		{99CED169-A576-48F2-8A06-6027C6C1A588}.Release|Any CPU.Build.0 = Release|Any CPU
	EndGlobalSection
	GlobalSection(SolutionProperties) = preSolution
		HideSolutionNode = FALSE
	EndGlobalSection
	GlobalSection(ExtensibilityGlobals) = postSolution
		SolutionGuid = {7A6CE251-D53D-4B13-93A8-54BB6B6290DA}
	EndGlobalSection
EndGlobal
